
Microsoft Visual Studio Solution File, Format Version 12.00
# Visual Studio Version 17
VisualStudioVersion = 17.3.32825.248
MinimumVisualStudioVersion = 10.0.40219.1
Project("{FAE04EC0-301F-11D3-BF4B-00C04F79EFBC}") = "Pocolink.UI", "Pocolink.UI\Pocolink.UI.csproj", "{24A656C7-ED85-4067-8023-6A05EAE41E2F}"
EndProject
Project("{FAE04EC0-301F-11D3-BF4B-00C04F79EFBC}") = "Pocolink.API", "Pocolink.API\Pocolink.API.csproj", "{7D0C22F2-D0B2-4790-A056-A261B31B52AC}"
EndProject
Project("{FAE04EC0-301F-11D3-BF4B-00C04F79EFBC}") = "Pocolink.Models", "Pocolink.Models\Pocolink.Models.csproj", "{BC06C61C-768B-4042-B967-D39E5800DEB9}"
EndProject
Project("{FAE04EC0-301F-11D3-BF4B-00C04F79EFBC}") = "Pocolink.DAL", "Pocolink.DAL\Pocolink.DAL.csproj", "{F3B6EE04-98FC-47DE-AD44-0329490687DC}"
EndProject
Global
	GlobalSection(SolutionConfigurationPlatforms) = preSolution
		Debug|Any CPU = Debug|Any CPU
		Release|Any CPU = Release|Any CPU
	EndGlobalSection
	GlobalSection(ProjectConfigurationPlatforms) = postSolution
		{24A656C7-ED85-4067-8023-6A05EAE41E2F}.Debug|Any CPU.ActiveCfg = Debug|Any CPU
		{24A656C7-ED85-4067-8023-6A05EAE41E2F}.Debug|Any CPU.Build.0 = Debug|Any CPU
		{24A656C7-ED85-4067-8023-6A05EAE41E2F}.Release|Any CPU.ActiveCfg = Release|Any CPU
		{24A656C7-ED85-4067-8023-6A05EAE41E2F}.Release|Any CPU.Build.0 = Release|Any CPU
		{7D0C22F2-D0B2-4790-A056-A261B31B52AC}.Debug|Any CPU.ActiveCfg = Debug|Any CPU
		{7D0C22F2-D0B2-4790-A056-A261B31B52AC}.Debug|Any CPU.Build.0 = Debug|Any CPU
		{7D0C22F2-D0B2-4790-A056-A261B31B52AC}.Release|Any CPU.ActiveCfg = Release|Any CPU
		{7D0C22F2-D0B2-4790-A056-A261B31B52AC}.Release|Any CPU.Build.0 = Release|Any CPU
		{BC06C61C-768B-4042-B967-D39E5800DEB9}.Debug|Any CPU.ActiveCfg = Debug|Any CPU
		{BC06C61C-768B-4042-B967-D39E5800DEB9}.Debug|Any CPU.Build.0 = Debug|Any CPU
		{BC06C61C-768B-4042-B967-D39E5800DEB9}.Release|Any CPU.ActiveCfg = Release|Any CPU
		{BC06C61C-768B-4042-B967-D39E5800DEB9}.Release|Any CPU.Build.0 = Release|Any CPU
		{F3B6EE04-98FC-47DE-AD44-0329490687DC}.Debug|Any CPU.ActiveCfg = Debug|Any CPU
		{F3B6EE04-98FC-47DE-AD44-0329490687DC}.Debug|Any CPU.Build.0 = Debug|Any CPU
		{F3B6EE04-98FC-47DE-AD44-0329490687DC}.Release|Any CPU.ActiveCfg = Release|Any CPU
		{F3B6EE04-98FC-47DE-AD44-0329490687DC}.Release|Any CPU.Build.0 = Release|Any CPU
	EndGlobalSection
	GlobalSection(SolutionProperties) = preSolution
		HideSolutionNode = FALSE
	EndGlobalSection
	GlobalSection(ExtensibilityGlobals) = postSolution
		SolutionGuid = {1E8F327C-4697-452F-AE7C-93A289EA867C}
	EndGlobalSection
EndGlobal
